
Microsoft Visual Studio Solution File, Format Version 12.00
# Visual Studio 2015
Project("{FAE04EC0-301F-11D3-BF4B-00C04F79EFBC}") = "doggo", "doggo.csproj", "{182BDAE6-65E9-49BA-10A2-BB775C1A19B2}"
EndProject
Global
	GlobalSection(SolutionConfigurationPlatforms) = preSolution
		Debug|Any CPU = Debug|Any CPU
		Release|Any CPU = Release|Any CPU
	EndGlobalSection
	GlobalSection(ProjectConfigurationPlatforms) = postSolution
		{182BDAE6-65E9-49BA-10A2-BB775C1A19B2}.Debug|Any CPU.ActiveCfg = Debug|Any CPU
		{182BDAE6-65E9-49BA-10A2-BB775C1A19B2}.Debug|Any CPU.Build.0 = Debug|Any CPU
		{182BDAE6-65E9-49BA-10A2-BB775C1A19B2}.Release|Any CPU.ActiveCfg = Release|Any CPU
		{182BDAE6-65E9-49BA-10A2-BB775C1A19B2}.Release|Any CPU.Build.0 = Release|Any CPU
	EndGlobalSection
	GlobalSection(SolutionProperties) = preSolution
		HideSolutionNode = FALSE
	EndGlobalSection
EndGlobal
